// !$*UTF8*$!
{
	archiveVersion = 1;
	classes = {
	};
	objectVersion = 50;
	objects = {

/* Begin PBXBuildFile section */
		CB7DFBFF20E5829400743267 /* AppDelegate.swift in Sources */ = {isa = PBXBuildFile; fileRef = CB7DFBFE20E5829400743267 /* AppDelegate.swift */; };
		CB7DFC0120E5829400743267 /* ViewController.swift in Sources */ = {isa = PBXBuildFile; fileRef = CB7DFC0020E5829400743267 /* ViewController.swift */; };
		CB7DFC0420E5829400743267 /* Main.storyboard in Resources */ = {isa = PBXBuildFile; fileRef = CB7DFC0220E5829400743267 /* Main.storyboard */; };
		CB7DFC0620E5829700743267 /* Assets.xcassets in Resources */ = {isa = PBXBuildFile; fileRef = CB7DFC0520E5829700743267 /* Assets.xcassets */; };
		CB7DFC0920E5829700743267 /* LaunchScreen.storyboard in Resources */ = {isa = PBXBuildFile; fileRef = CB7DFC0720E5829700743267 /* LaunchScreen.storyboard */; };
		CB7DFC1420E5917A00743267 /* LoginViewController.swift in Sources */ = {isa = PBXBuildFile; fileRef = CB7DFC1320E5917A00743267 /* LoginViewController.swift */; };
		CB7DFC1A20E5922200743267 /* UserModel.swift in Sources */ = {isa = PBXBuildFile; fileRef = CB7DFC1920E5922200743267 /* UserModel.swift */; };
		CB7DFC1D20E5A53D00743267 /* DashboardViewController.swift in Sources */ = {isa = PBXBuildFile; fileRef = CB7DFC1C20E5A53D00743267 /* DashboardViewController.swift */; };
		E8E7562B990E49A4635A4C21 /* Pods_GitLabTracker.framework in Frameworks */ = {isa = PBXBuildFile; fileRef = D1F01C0EF85D6DD1532E6FA9 /* Pods_GitLabTracker.framework */; };
/* End PBXBuildFile section */

/* Begin PBXFileReference section */
		1C5260431170CC5A74ED2893 /* Pods-GitLabTracker.debug.xcconfig */ = {isa = PBXFileReference; includeInIndex = 1; lastKnownFileType = text.xcconfig; name = "Pods-GitLabTracker.debug.xcconfig"; path = "Pods/Target Support Files/Pods-GitLabTracker/Pods-GitLabTracker.debug.xcconfig"; sourceTree = "<group>"; };
		AFAE469C26D54F5824F31498 /* Pods-GitLabTracker.release.xcconfig */ = {isa = PBXFileReference; includeInIndex = 1; lastKnownFileType = text.xcconfig; name = "Pods-GitLabTracker.release.xcconfig"; path = "Pods/Target Support Files/Pods-GitLabTracker/Pods-GitLabTracker.release.xcconfig"; sourceTree = "<group>"; };
		CB7DFBFB20E5829400743267 /* GitLabTracker.app */ = {isa = PBXFileReference; explicitFileType = wrapper.application; includeInIndex = 0; path = GitLabTracker.app; sourceTree = BUILT_PRODUCTS_DIR; };
		CB7DFBFE20E5829400743267 /* AppDelegate.swift */ = {isa = PBXFileReference; lastKnownFileType = sourcecode.swift; path = AppDelegate.swift; sourceTree = "<group>"; };
		CB7DFC0020E5829400743267 /* ViewController.swift */ = {isa = PBXFileReference; lastKnownFileType = sourcecode.swift; path = ViewController.swift; sourceTree = "<group>"; };
		CB7DFC0320E5829400743267 /* Base */ = {isa = PBXFileReference; lastKnownFileType = file.storyboard; name = Base; path = Base.lproj/Main.storyboard; sourceTree = "<group>"; };
		CB7DFC0520E5829700743267 /* Assets.xcassets */ = {isa = PBXFileReference; lastKnownFileType = folder.assetcatalog; path = Assets.xcassets; sourceTree = "<group>"; };
		CB7DFC0820E5829700743267 /* Base */ = {isa = PBXFileReference; lastKnownFileType = file.storyboard; name = Base; path = Base.lproj/LaunchScreen.storyboard; sourceTree = "<group>"; };
		CB7DFC0A20E5829700743267 /* Info.plist */ = {isa = PBXFileReference; lastKnownFileType = text.plist.xml; path = Info.plist; sourceTree = "<group>"; };
		CB7DFC1320E5917A00743267 /* LoginViewController.swift */ = {isa = PBXFileReference; lastKnownFileType = sourcecode.swift; path = LoginViewController.swift; sourceTree = "<group>"; };
		CB7DFC1920E5922200743267 /* UserModel.swift */ = {isa = PBXFileReference; lastKnownFileType = sourcecode.swift; path = UserModel.swift; sourceTree = "<group>"; };
		CB7DFC1C20E5A53D00743267 /* DashboardViewController.swift */ = {isa = PBXFileReference; lastKnownFileType = sourcecode.swift; path = DashboardViewController.swift; sourceTree = "<group>"; };
		D1F01C0EF85D6DD1532E6FA9 /* Pods_GitLabTracker.framework */ = {isa = PBXFileReference; explicitFileType = wrapper.framework; includeInIndex = 0; path = Pods_GitLabTracker.framework; sourceTree = BUILT_PRODUCTS_DIR; };
/* End PBXFileReference section */

/* Begin PBXFrameworksBuildPhase section */
		CB7DFBF820E5829400743267 /* Frameworks */ = {
			isa = PBXFrameworksBuildPhase;
			buildActionMask = 2147483647;
			files = (
				E8E7562B990E49A4635A4C21 /* Pods_GitLabTracker.framework in Frameworks */,
			);
			runOnlyForDeploymentPostprocessing = 0;
		};
/* End PBXFrameworksBuildPhase section */

/* Begin PBXGroup section */
		92E3494AAF11A9A08BD017F1 /* Frameworks */ = {
			isa = PBXGroup;
			children = (
				D1F01C0EF85D6DD1532E6FA9 /* Pods_GitLabTracker.framework */,
			);
			name = Frameworks;
			sourceTree = "<group>";
		};
		CB7DFBF220E5829400743267 = {
			isa = PBXGroup;
			children = (
				CB7DFBFD20E5829400743267 /* GitLabTracker */,
				CB7DFBFC20E5829400743267 /* Products */,
				EEA0BBA3EADD213ACF66A6D9 /* Pods */,
				92E3494AAF11A9A08BD017F1 /* Frameworks */,
			);
			sourceTree = "<group>";
		};
		CB7DFBFC20E5829400743267 /* Products */ = {
			isa = PBXGroup;
			children = (
				CB7DFBFB20E5829400743267 /* GitLabTracker.app */,
			);
			name = Products;
			sourceTree = "<group>";
		};
		CB7DFBFD20E5829400743267 /* GitLabTracker */ = {
			isa = PBXGroup;
			children = (
				CB7DFC1220E5878900743267 /* Views */,
				CB7DFC1120E5877B00743267 /* Model */,
				CB7DFC1020E5876F00743267 /* Controllers */,
				CB7DFBFE20E5829400743267 /* AppDelegate.swift */,
				CB7DFC0020E5829400743267 /* ViewController.swift */,
				CB7DFC0220E5829400743267 /* Main.storyboard */,
				CB7DFC0520E5829700743267 /* Assets.xcassets */,
				CB7DFC0720E5829700743267 /* LaunchScreen.storyboard */,
				CB7DFC0A20E5829700743267 /* Info.plist */,
			);
			path = GitLabTracker;
			sourceTree = "<group>";
		};
		CB7DFC1020E5876F00743267 /* Controllers */ = {
			isa = PBXGroup;
			children = (
				CB7DFC1B20E5A15000743267 /* Dashboard */,
				CB7DFC1520E5918700743267 /* Login */,
			);
			path = Controllers;
			sourceTree = "<group>";
		};
		CB7DFC1120E5877B00743267 /* Model */ = {
			isa = PBXGroup;
			children = (
				CB7DFC1620E591FF00743267 /* User */,
			);
			path = Model;
			sourceTree = "<group>";
		};
		CB7DFC1220E5878900743267 /* Views */ = {
			isa = PBXGroup;
			children = (
			);
			path = Views;
			sourceTree = "<group>";
		};
		CB7DFC1520E5918700743267 /* Login */ = {
			isa = PBXGroup;
			children = (
				CB7DFC1320E5917A00743267 /* LoginViewController.swift */,
			);
			name = Login;
			path = "New Group";
			sourceTree = "<group>";
		};
		CB7DFC1620E591FF00743267 /* User */ = {
			isa = PBXGroup;
			children = (
				CB7DFC1920E5922200743267 /* UserModel.swift */,
			);
			path = User;
			sourceTree = "<group>";
		};
		CB7DFC1B20E5A15000743267 /* Dashboard */ = {
			isa = PBXGroup;
			children = (
				CB7DFC1C20E5A53D00743267 /* DashboardViewController.swift */,
			);
			path = Dashboard;
			sourceTree = "<group>";
		};
		EEA0BBA3EADD213ACF66A6D9 /* Pods */ = {
			isa = PBXGroup;
			children = (
				1C5260431170CC5A74ED2893 /* Pods-GitLabTracker.debug.xcconfig */,
				AFAE469C26D54F5824F31498 /* Pods-GitLabTracker.release.xcconfig */,
			);
			name = Pods;
			sourceTree = "<group>";
		};
/* End PBXGroup section */

/* Begin PBXNativeTarget section */
		CB7DFBFA20E5829400743267 /* GitLabTracker */ = {
			isa = PBXNativeTarget;
			buildConfigurationList = CB7DFC0D20E5829700743267 /* Build configuration list for PBXNativeTarget "GitLabTracker" */;
			buildPhases = (
				99CD11FD2E01EF7F44DBE805 /* [CP] Check Pods Manifest.lock */,
				CB7DFBF720E5829400743267 /* Sources */,
				CB7DFBF820E5829400743267 /* Frameworks */,
				CB7DFBF920E5829400743267 /* Resources */,
				64CB110C66011429E46EDF4B /* [CP] Embed Pods Frameworks */,
			);
			buildRules = (
			);
			dependencies = (
			);
			name = GitLabTracker;
			productName = GitLabTracker;
			productReference = CB7DFBFB20E5829400743267 /* GitLabTracker.app */;
			productType = "com.apple.product-type.application";
		};
/* End PBXNativeTarget section */

/* Begin PBXProject section */
		CB7DFBF320E5829400743267 /* Project object */ = {
			isa = PBXProject;
			attributes = {
				LastSwiftUpdateCheck = 0940;
				LastUpgradeCheck = 0940;
				ORGANIZATIONNAME = "Benjamin Budet";
				TargetAttributes = {
					CB7DFBFA20E5829400743267 = {
						CreatedOnToolsVersion = 9.4.1;
					};
				};
			};
			buildConfigurationList = CB7DFBF620E5829400743267 /* Build configuration list for PBXProject "GitLabTracker" */;
			compatibilityVersion = "Xcode 9.3";
			developmentRegion = en;
			hasScannedForEncodings = 0;
			knownRegions = (
				en,
				Base,
			);
			mainGroup = CB7DFBF220E5829400743267;
			productRefGroup = CB7DFBFC20E5829400743267 /* Products */;
			projectDirPath = "";
			projectRoot = "";
			targets = (
				CB7DFBFA20E5829400743267 /* GitLabTracker */,
			);
		};
/* End PBXProject section */

/* Begin PBXResourcesBuildPhase section */
		CB7DFBF920E5829400743267 /* Resources */ = {
			isa = PBXResourcesBuildPhase;
			buildActionMask = 2147483647;
			files = (
				CB7DFC0920E5829700743267 /* LaunchScreen.storyboard in Resources */,
				CB7DFC0620E5829700743267 /* Assets.xcassets in Resources */,
				CB7DFC0420E5829400743267 /* Main.storyboard in Resources */,
			);
			runOnlyForDeploymentPostprocessing = 0;
		};
/* End PBXResourcesBuildPhase section */

/* Begin PBXShellScriptBuildPhase section */
		64CB110C66011429E46EDF4B /* [CP] Embed Pods Frameworks */ = {
			isa = PBXShellScriptBuildPhase;
			buildActionMask = 2147483647;
			files = (
			);
			inputPaths = (
				"${SRCROOT}/Pods/Target Support Files/Pods-GitLabTracker/Pods-GitLabTracker-frameworks.sh",
				"${BUILT_PRODUCTS_DIR}/Alamofire/Alamofire.framework",
			);
			name = "[CP] Embed Pods Frameworks";
			outputPaths = (
				"${TARGET_BUILD_DIR}/${FRAMEWORKS_FOLDER_PATH}/Alamofire.framework",
			);
			runOnlyForDeploymentPostprocessing = 0;
			shellPath = /bin/sh;
			shellScript = "\"${SRCROOT}/Pods/Target Support Files/Pods-GitLabTracker/Pods-GitLabTracker-frameworks.sh\"\n";
			showEnvVarsInLog = 0;
		};
		99CD11FD2E01EF7F44DBE805 /* [CP] Check Pods Manifest.lock */ = {
			isa = PBXShellScriptBuildPhase;
			buildActionMask = 2147483647;
			files = (
			);
			inputPaths = (
				"${PODS_PODFILE_DIR_PATH}/Podfile.lock",
				"${PODS_ROOT}/Manifest.lock",
			);
			name = "[CP] Check Pods Manifest.lock";
			outputPaths = (
				"$(DERIVED_FILE_DIR)/Pods-GitLabTracker-checkManifestLockResult.txt",
			);
			runOnlyForDeploymentPostprocessing = 0;
			shellPath = /bin/sh;
			shellScript = "diff \"${PODS_PODFILE_DIR_PATH}/Podfile.lock\" \"${PODS_ROOT}/Manifest.lock\" > /dev/null\nif [ $? != 0 ] ; then\n    # print error to STDERR\n    echo \"error: The sandbox is not in sync with the Podfile.lock. Run 'pod install' or update your CocoaPods installation.\" >&2\n    exit 1\nfi\n# This output is used by Xcode 'outputs' to avoid re-running this script phase.\necho \"SUCCESS\" > \"${SCRIPT_OUTPUT_FILE_0}\"\n";
			showEnvVarsInLog = 0;
		};
/* End PBXShellScriptBuildPhase section */

/* Begin PBXSourcesBuildPhase section */
		CB7DFBF720E5829400743267 /* Sources */ = {
			isa = PBXSourcesBuildPhase;
			buildActionMask = 2147483647;
			files = (
				CB7DFC1420E5917A00743267 /* LoginViewController.swift in Sources */,
				CB7DFC0120E5829400743267 /* ViewController.swift in Sources */,
				CB7DFC1D20E5A53D00743267 /* DashboardViewController.swift in Sources */,
				CB7DFC1A20E5922200743267 /* UserModel.swift in Sources */,
				CB7DFBFF20E5829400743267 /* AppDelegate.swift in Sources */,
			);
			runOnlyForDeploymentPostprocessing = 0;
		};
/* End PBXSourcesBuildPhase section */

/* Begin PBXVariantGroup section */
		CB7DFC0220E5829400743267 /* Main.storyboard */ = {
			isa = PBXVariantGroup;
			children = (
				CB7DFC0320E5829400743267 /* Base */,
			);
			name = Main.storyboard;
			sourceTree = "<group>";
		};
		CB7DFC0720E5829700743267 /* LaunchScreen.storyboard */ = {
			isa = PBXVariantGroup;
			children = (
				CB7DFC0820E5829700743267 /* Base */,
			);
			name = LaunchScreen.storyboard;
			sourceTree = "<group>";
		};
/* End PBXVariantGroup section */

/* Begin XCBuildConfiguration section */
		CB7DFC0B20E5829700743267 /* Debug */ = {
			isa = XCBuildConfiguration;
			buildSettings = {
				ALWAYS_SEARCH_USER_PATHS = NO;
				CLANG_ANALYZER_NONNULL = YES;
				CLANG_ANALYZER_NUMBER_OBJECT_CONVERSION = YES_AGGRESSIVE;
				CLANG_CXX_LANGUAGE_STANDARD = "gnu++14";
				CLANG_CXX_LIBRARY = "libc++";
				CLANG_ENABLE_MODULES = YES;
				CLANG_ENABLE_OBJC_ARC = YES;
				CLANG_ENABLE_OBJC_WEAK = YES;
				CLANG_WARN_BLOCK_CAPTURE_AUTORELEASING = YES;
				CLANG_WARN_BOOL_CONVERSION = YES;
				CLANG_WARN_COMMA = YES;
				CLANG_WARN_CONSTANT_CONVERSION = YES;
				CLANG_WARN_DEPRECATED_OBJC_IMPLEMENTATIONS = YES;
				CLANG_WARN_DIRECT_OBJC_ISA_USAGE = YES_ERROR;
				CLANG_WARN_DOCUMENTATION_COMMENTS = YES;
				CLANG_WARN_EMPTY_BODY = YES;
				CLANG_WARN_ENUM_CONVERSION = YES;
				CLANG_WARN_INFINITE_RECURSION = YES;
				CLANG_WARN_INT_CONVERSION = YES;
				CLANG_WARN_NON_LITERAL_NULL_CONVERSION = YES;
				CLANG_WARN_OBJC_IMPLICIT_RETAIN_SELF = YES;
				CLANG_WARN_OBJC_LITERAL_CONVERSION = YES;
				CLANG_WARN_OBJC_ROOT_CLASS = YES_ERROR;
				CLANG_WARN_RANGE_LOOP_ANALYSIS = YES;
				CLANG_WARN_STRICT_PROTOTYPES = YES;
				CLANG_WARN_SUSPICIOUS_MOVE = YES;
				CLANG_WARN_UNGUARDED_AVAILABILITY = YES_AGGRESSIVE;
				CLANG_WARN_UNREACHABLE_CODE = YES;
				CLANG_WARN__DUPLICATE_METHOD_MATCH = YES;
				CODE_SIGN_IDENTITY = "iPhone Developer";
				COPY_PHASE_STRIP = NO;
				DEBUG_INFORMATION_FORMAT = dwarf;
				ENABLE_STRICT_OBJC_MSGSEND = YES;
				ENABLE_TESTABILITY = YES;
				GCC_C_LANGUAGE_STANDARD = gnu11;
				GCC_DYNAMIC_NO_PIC = NO;
				GCC_NO_COMMON_BLOCKS = YES;
				GCC_OPTIMIZATION_LEVEL = 0;
				GCC_PREPROCESSOR_DEFINITIONS = (
					"DEBUG=1",
					"$(inherited)",
				);
				GCC_WARN_64_TO_32_BIT_CONVERSION = YES;
				GCC_WARN_ABOUT_RETURN_TYPE = YES_ERROR;
				GCC_WARN_UNDECLARED_SELECTOR = YES;
				GCC_WARN_UNINITIALIZED_AUTOS = YES_AGGRESSIVE;
				GCC_WARN_UNUSED_FUNCTION = YES;
				GCC_WARN_UNUSED_VARIABLE = YES;
				IPHONEOS_DEPLOYMENT_TARGET = 11.4;
				MTL_ENABLE_DEBUG_INFO = YES;
				ONLY_ACTIVE_ARCH = YES;
				SDKROOT = iphoneos;
				SWIFT_ACTIVE_COMPILATION_CONDITIONS = DEBUG;
				SWIFT_OPTIMIZATION_LEVEL = "-Onone";
			};
			name = Debug;
		};
		CB7DFC0C20E5829700743267 /* Release */ = {
			isa = XCBuildConfiguration;
			buildSettings = {
				ALWAYS_SEARCH_USER_PATHS = NO;
				CLANG_ANALYZER_NONNULL = YES;
				CLANG_ANALYZER_NUMBER_OBJECT_CONVERSION = YES_AGGRESSIVE;
				CLANG_CXX_LANGUAGE_STANDARD = "gnu++14";
				CLANG_CXX_LIBRARY = "libc++";
				CLANG_ENABLE_MODULES = YES;
				CLANG_ENABLE_OBJC_ARC = YES;
				CLANG_ENABLE_OBJC_WEAK = YES;
				CLANG_WARN_BLOCK_CAPTURE_AUTORELEASING = YES;
				CLANG_WARN_BOOL_CONVERSION = YES;
				CLANG_WARN_COMMA = YES;
				CLANG_WARN_CONSTANT_CONVERSION = YES;
				CLANG_WARN_DEPRECATED_OBJC_IMPLEMENTATIONS = YES;
				CLANG_WARN_DIRECT_OBJC_ISA_USAGE = YES_ERROR;
				CLANG_WARN_DOCUMENTATION_COMMENTS = YES;
				CLANG_WARN_EMPTY_BODY = YES;
				CLANG_WARN_ENUM_CONVERSION = YES;
				CLANG_WARN_INFINITE_RECURSION = YES;
				CLANG_WARN_INT_CONVERSION = YES;
				CLANG_WARN_NON_LITERAL_NULL_CONVERSION = YES;
				CLANG_WARN_OBJC_IMPLICIT_RETAIN_SELF = YES;
				CLANG_WARN_OBJC_LITERAL_CONVERSION = YES;
				CLANG_WARN_OBJC_ROOT_CLASS = YES_ERROR;
				CLANG_WARN_RANGE_LOOP_ANALYSIS = YES;
				CLANG_WARN_STRICT_PROTOTYPES = YES;
				CLANG_WARN_SUSPICIOUS_MOVE = YES;
				CLANG_WARN_UNGUARDED_AVAILABILITY = YES_AGGRESSIVE;
				CLANG_WARN_UNREACHABLE_CODE = YES;
				CLANG_WARN__DUPLICATE_METHOD_MATCH = YES;
				CODE_SIGN_IDENTITY = "iPhone Developer";
				COPY_PHASE_STRIP = NO;
				DEBUG_INFORMATION_FORMAT = "dwarf-with-dsym";
				ENABLE_NS_ASSERTIONS = NO;
				ENABLE_STRICT_OBJC_MSGSEND = YES;
				GCC_C_LANGUAGE_STANDARD = gnu11;
				GCC_NO_COMMON_BLOCKS = YES;
				GCC_WARN_64_TO_32_BIT_CONVERSION = YES;
				GCC_WARN_ABOUT_RETURN_TYPE = YES_ERROR;
				GCC_WARN_UNDECLARED_SELECTOR = YES;
				GCC_WARN_UNINITIALIZED_AUTOS = YES_AGGRESSIVE;
				GCC_WARN_UNUSED_FUNCTION = YES;
				GCC_WARN_UNUSED_VARIABLE = YES;
				IPHONEOS_DEPLOYMENT_TARGET = 11.4;
				MTL_ENABLE_DEBUG_INFO = NO;
				SDKROOT = iphoneos;
				SWIFT_COMPILATION_MODE = wholemodule;
				SWIFT_OPTIMIZATION_LEVEL = "-O";
				VALIDATE_PRODUCT = YES;
			};
			name = Release;
		};
		CB7DFC0E20E5829700743267 /* Debug */ = {
			isa = XCBuildConfiguration;
			baseConfigurationReference = 1C5260431170CC5A74ED2893 /* Pods-GitLabTracker.debug.xcconfig */;
			buildSettings = {
				ASSETCATALOG_COMPILER_APPICON_NAME = AppIcon;
				CODE_SIGN_STYLE = Automatic;
				DEVELOPMENT_TEAM = E5L7NC8M9T;
				INFOPLIST_FILE = GitLabTracker/Info.plist;
				LD_RUNPATH_SEARCH_PATHS = (
					"$(inherited)",
					"@executable_path/Frameworks",
				);
				PRODUCT_BUNDLE_IDENTIFIER = BenjaminBudet.GitLabTracker;
				PRODUCT_NAME = "$(TARGET_NAME)";
				SWIFT_VERSION = 4.0;
				TARGETED_DEVICE_FAMILY = "1,2";
			};
			name = Debug;
		};
		CB7DFC0F20E5829700743267 /* Release */ = {
			isa = XCBuildConfiguration;
			baseConfigurationReference = AFAE469C26D54F5824F31498 /* Pods-GitLabTracker.release.xcconfig */;
			buildSettings = {
				ASSETCATALOG_COMPILER_APPICON_NAME = AppIcon;
				CODE_SIGN_STYLE = Automatic;
				DEVELOPMENT_TEAM = E5L7NC8M9T;
				INFOPLIST_FILE = GitLabTracker/Info.plist;
				LD_RUNPATH_SEARCH_PATHS = (
					"$(inherited)",
					"@executable_path/Frameworks",
				);
				PRODUCT_BUNDLE_IDENTIFIER = BenjaminBudet.GitLabTracker;
				PRODUCT_NAME = "$(TARGET_NAME)";
				SWIFT_VERSION = 4.0;
				TARGETED_DEVICE_FAMILY = "1,2";
			};
			name = Release;
		};
/* End XCBuildConfiguration section */

/* Begin XCConfigurationList section */
		CB7DFBF620E5829400743267 /* Build configuration list for PBXProject "GitLabTracker" */ = {
			isa = XCConfigurationList;
			buildConfigurations = (
				CB7DFC0B20E5829700743267 /* Debug */,
				CB7DFC0C20E5829700743267 /* Release */,
			);
			defaultConfigurationIsVisible = 0;
			defaultConfigurationName = Release;
		};
		CB7DFC0D20E5829700743267 /* Build configuration list for PBXNativeTarget "GitLabTracker" */ = {
			isa = XCConfigurationList;
			buildConfigurations = (
				CB7DFC0E20E5829700743267 /* Debug */,
				CB7DFC0F20E5829700743267 /* Release */,
			);
			defaultConfigurationIsVisible = 0;
			defaultConfigurationName = Release;
		};
/* End XCConfigurationList section */
	};
	rootObject = CB7DFBF320E5829400743267 /* Project object */;
}
